
Microsoft Visual Studio Solution File, Format Version 12.00
# Visual Studio Version 17
VisualStudioVersion = 17.10.35027.167
MinimumVisualStudioVersion = 10.0.40219.1
Project("{FAE04EC0-301F-11D3-BF4B-00C04F79EFBC}") = "SRP", "SRP\SRP.csproj", "{C84E806C-368C-4EB3-936E-DCDA6231969F}"
EndProject
Global
	GlobalSection(SolutionConfigurationPlatforms) = preSolution
		Debug|Any CPU = Debug|Any CPU
		Release|Any CPU = Release|Any CPU
	EndGlobalSection
	GlobalSection(ProjectConfigurationPlatforms) = postSolution
		{C84E806C-368C-4EB3-936E-DCDA6231969F}.Debug|Any CPU.ActiveCfg = Debug|Any CPU
		{C84E806C-368C-4EB3-936E-DCDA6231969F}.Debug|Any CPU.Build.0 = Debug|Any CPU
		{C84E806C-368C-4EB3-936E-DCDA6231969F}.Release|Any CPU.ActiveCfg = Release|Any CPU
		{C84E806C-368C-4EB3-936E-DCDA6231969F}.Release|Any CPU.Build.0 = Release|Any CPU
	EndGlobalSection
	GlobalSection(SolutionProperties) = preSolution
		HideSolutionNode = FALSE
	EndGlobalSection
	GlobalSection(ExtensibilityGlobals) = postSolution
		SolutionGuid = {A5F25692-811E-4CB9-8D80-2271ADF3286C}
	EndGlobalSection
EndGlobal
